
Microsoft Visual Studio Solution File, Format Version 12.00
# Visual Studio Version 17
VisualStudioVersion = 17.14.37027.9 d17.14
MinimumVisualStudioVersion = 10.0.40219.1
Project("{FAE04EC0-301F-11D3-BF4B-00C04F79EFBC}") = "Residencia.Api", "Residencia.Api\Residencia.Api.csproj", "{53D67956-2E63-4EDC-A974-915FB228CA97}"
EndProject
Global
	GlobalSection(SolutionConfigurationPlatforms) = preSolution
		Debug|Any CPU = Debug|Any CPU
		Release|Any CPU = Release|Any CPU
	EndGlobalSection
	GlobalSection(ProjectConfigurationPlatforms) = postSolution
		{53D67956-2E63-4EDC-A974-915FB228CA97}.Debug|Any CPU.ActiveCfg = Debug|Any CPU
		{53D67956-2E63-4EDC-A974-915FB228CA97}.Debug|Any CPU.Build.0 = Debug|Any CPU
		{53D67956-2E63-4EDC-A974-915FB228CA97}.Release|Any CPU.ActiveCfg = Release|Any CPU
		{53D67956-2E63-4EDC-A974-915FB228CA97}.Release|Any CPU.Build.0 = Release|Any CPU
	EndGlobalSection
	GlobalSection(SolutionProperties) = preSolution
		HideSolutionNode = FALSE
	EndGlobalSection
	GlobalSection(ExtensibilityGlobals) = postSolution
		SolutionGuid = {E6A9B4F8-8AAA-4C17-98FD-7EE849BD96D2}
	EndGlobalSection
EndGlobal
